
Microsoft Visual Studio Solution File, Format Version 12.00
# Visual Studio 2012
Project("{FAE04EC0-301F-11D3-BF4B-00C04F79EFBC}") = "Dust", "Dust.csproj", "{E94230B2-B11C-4008-BE78-A4638C2490F4}"
EndProject
Project("{FAE04EC0-301F-11D3-BF4B-00C04F79EFBC}") = "Wiki.Machinery", "..\Wiki.Machinery\Wiki.Machinery.csproj", "{D0FF150E-2239-4656-ACE3-DAB6C4DD41FF}"
EndProject
Project("{2150E333-8FDC-42A3-9474-1A3956D46DE8}") = "Solution Items", "Solution Items", "{CD1EA737-2640-4C08-B5B0-4B60B0ACCD68}"
	ProjectSection(SolutionItems) = preProject
		Rakefile.rb = Rakefile.rb
	EndProjectSection
EndProject
Global
	GlobalSection(SolutionConfigurationPlatforms) = preSolution
		Debug|Any CPU = Debug|Any CPU
		Release|Any CPU = Release|Any CPU
	EndGlobalSection
	GlobalSection(ProjectConfigurationPlatforms) = postSolution
		{E94230B2-B11C-4008-BE78-A4638C2490F4}.Debug|Any CPU.ActiveCfg = Debug|Any CPU
		{E94230B2-B11C-4008-BE78-A4638C2490F4}.Debug|Any CPU.Build.0 = Debug|Any CPU
		{E94230B2-B11C-4008-BE78-A4638C2490F4}.Release|Any CPU.ActiveCfg = Release|Any CPU
		{E94230B2-B11C-4008-BE78-A4638C2490F4}.Release|Any CPU.Build.0 = Release|Any CPU
		{D0FF150E-2239-4656-ACE3-DAB6C4DD41FF}.Debug|Any CPU.ActiveCfg = Debug|Any CPU
		{D0FF150E-2239-4656-ACE3-DAB6C4DD41FF}.Debug|Any CPU.Build.0 = Debug|Any CPU
		{D0FF150E-2239-4656-ACE3-DAB6C4DD41FF}.Release|Any CPU.ActiveCfg = Release|Any CPU
		{D0FF150E-2239-4656-ACE3-DAB6C4DD41FF}.Release|Any CPU.Build.0 = Release|Any CPU
	EndGlobalSection
	GlobalSection(SolutionProperties) = preSolution
		HideSolutionNode = FALSE
	EndGlobalSection
EndGlobal
